
Microsoft Visual Studio Solution File, Format Version 12.00
# Visual Studio Version 16
VisualStudioVersion = 16.0.28917.181
MinimumVisualStudioVersion = 10.0.40219.1
Project("{888888A0-9F3D-457C-B088-3A5042F75D52}") = "chapter_7_Regex_project", "Regex_project\chapter_7_Regex_project.pyproj", "{7709A3CC-C59D-4B83-9628-8288F67F539E}"
EndProject
Project("{888888A0-9F3D-457C-B088-3A5042F75D52}") = "chapter_9_Renaming Files", "chapter_9_Renaming Files\chapter_9_Renaming Files.pyproj", "{602E4A7A-2AD0-4DFA-BAC8-DAA855497EE7}"
EndProject
Project("{888888A0-9F3D-457C-B088-3A5042F75D52}") = "chapter_9_Backing up a folder into a ziP", "chapter_9_Backing up a folder into a ziP\chapter_9_Backing up a folder into a ziP.pyproj", "{8CC2F31C-F87D-4730-8B5C-7BBFE0E52A33}"
EndProject
Project("{888888A0-9F3D-457C-B088-3A5042F75D52}") = "chapter_10_debugging", "chapter_10_debugging\chapter_10_debugging.pyproj", "{F8E07A21-E982-4C5D-AAE5-26223C4746D7}"
EndProject
Project("{888888A0-9F3D-457C-B088-3A5042F75D52}") = "command line parse", "command line parse\command line parse.pyproj", "{9D965519-C998-45EA-B85F-A641E6AB3F27}"
EndProject
Project("{888888A0-9F3D-457C-B088-3A5042F75D52}") = "chapter_11_mapIt.py", "chaoter_11_mapIt.py\chapter_11_mapIt.py.pyproj", "{30318FE4-6242-4D2A-85C2-3F217933F111}"
EndProject
Project("{888888A0-9F3D-457C-B088-3A5042F75D52}") = "chapter_11_“i’m feeling lucky” google", "chapter_11_“i’m feeling lucky” google\chapter_11_“i’m feeling lucky” google.pyproj", "{ABB2CEC9-2DAD-41DF-BB0F-3398B4FCD29B}"
EndProject
Project("{888888A0-9F3D-457C-B088-3A5042F75D52}") = "chapter_11_downloading All xkcd comics", "chapter_11_downloading All xkcd comics\chapter_11_downloading All xkcd comics.pyproj", "{729BC9D5-CD01-4EC0-AAA5-F0B4E2D05C91}"
EndProject
Project("{888888A0-9F3D-457C-B088-3A5042F75D52}") = "chapter_8_File_handle_project", "chapter_7_File_handle_project\chapter_8_File_handle_project.pyproj", "{B7B6FBE4-F215-458B-892A-3AA90CEE1E0D}"
EndProject
Project("{888888A0-9F3D-457C-B088-3A5042F75D52}") = "chapter_9_Files_folder_handle_proj", "chapter_9_Files_folder_handle_proj\chapter_9_Files_folder_handle_proj.pyproj", "{0F9DD3DA-CE87-4C63-A7C4-37386343FDFE}"
EndProject
Project("{888888A0-9F3D-457C-B088-3A5042F75D52}") = "chapter_10_debug_project", "chapter_10_debug_project\chapter_10_debug_project.pyproj", "{DD37C8AE-4E6E-459C-945A-9A8CF5A94DBC}"
EndProject
Global
	GlobalSection(SolutionConfigurationPlatforms) = preSolution
		Debug|Any CPU = Debug|Any CPU
		Debug|x64 = Debug|x64
		Debug|x86 = Debug|x86
		Release|Any CPU = Release|Any CPU
		Release|x64 = Release|x64
		Release|x86 = Release|x86
	EndGlobalSection
	GlobalSection(ProjectConfigurationPlatforms) = postSolution
		{7709A3CC-C59D-4B83-9628-8288F67F539E}.Debug|Any CPU.ActiveCfg = Debug|Any CPU
		{7709A3CC-C59D-4B83-9628-8288F67F539E}.Debug|x64.ActiveCfg = Debug|Any CPU
		{7709A3CC-C59D-4B83-9628-8288F67F539E}.Debug|x86.ActiveCfg = Debug|Any CPU
		{7709A3CC-C59D-4B83-9628-8288F67F539E}.Release|Any CPU.ActiveCfg = Release|Any CPU
		{7709A3CC-C59D-4B83-9628-8288F67F539E}.Release|x64.ActiveCfg = Release|Any CPU
		{7709A3CC-C59D-4B83-9628-8288F67F539E}.Release|x86.ActiveCfg = Release|Any CPU
		{602E4A7A-2AD0-4DFA-BAC8-DAA855497EE7}.Debug|Any CPU.ActiveCfg = Debug|Any CPU
		{602E4A7A-2AD0-4DFA-BAC8-DAA855497EE7}.Debug|x64.ActiveCfg = Debug|Any CPU
		{602E4A7A-2AD0-4DFA-BAC8-DAA855497EE7}.Debug|x86.ActiveCfg = Debug|Any CPU
		{602E4A7A-2AD0-4DFA-BAC8-DAA855497EE7}.Release|Any CPU.ActiveCfg = Release|Any CPU
		{602E4A7A-2AD0-4DFA-BAC8-DAA855497EE7}.Release|x64.ActiveCfg = Release|Any CPU
		{602E4A7A-2AD0-4DFA-BAC8-DAA855497EE7}.Release|x86.ActiveCfg = Release|Any CPU
		{8CC2F31C-F87D-4730-8B5C-7BBFE0E52A33}.Debug|Any CPU.ActiveCfg = Debug|Any CPU
		{8CC2F31C-F87D-4730-8B5C-7BBFE0E52A33}.Debug|x64.ActiveCfg = Debug|Any CPU
		{8CC2F31C-F87D-4730-8B5C-7BBFE0E52A33}.Debug|x86.ActiveCfg = Debug|Any CPU
		{8CC2F31C-F87D-4730-8B5C-7BBFE0E52A33}.Release|Any CPU.ActiveCfg = Release|Any CPU
		{8CC2F31C-F87D-4730-8B5C-7BBFE0E52A33}.Release|x64.ActiveCfg = Release|Any CPU
		{8CC2F31C-F87D-4730-8B5C-7BBFE0E52A33}.Release|x86.ActiveCfg = Release|Any CPU
		{F8E07A21-E982-4C5D-AAE5-26223C4746D7}.Debug|Any CPU.ActiveCfg = Debug|Any CPU
		{F8E07A21-E982-4C5D-AAE5-26223C4746D7}.Debug|x64.ActiveCfg = Debug|Any CPU
		{F8E07A21-E982-4C5D-AAE5-26223C4746D7}.Debug|x86.ActiveCfg = Debug|Any CPU
		{F8E07A21-E982-4C5D-AAE5-26223C4746D7}.Release|Any CPU.ActiveCfg = Release|Any CPU
		{F8E07A21-E982-4C5D-AAE5-26223C4746D7}.Release|x64.ActiveCfg = Release|Any CPU
		{F8E07A21-E982-4C5D-AAE5-26223C4746D7}.Release|x86.ActiveCfg = Release|Any CPU
		{9D965519-C998-45EA-B85F-A641E6AB3F27}.Debug|Any CPU.ActiveCfg = Debug|Any CPU
		{9D965519-C998-45EA-B85F-A641E6AB3F27}.Debug|x64.ActiveCfg = Debug|Any CPU
		{9D965519-C998-45EA-B85F-A641E6AB3F27}.Debug|x86.ActiveCfg = Debug|Any CPU
		{9D965519-C998-45EA-B85F-A641E6AB3F27}.Release|Any CPU.ActiveCfg = Release|Any CPU
		{9D965519-C998-45EA-B85F-A641E6AB3F27}.Release|x64.ActiveCfg = Release|Any CPU
		{9D965519-C998-45EA-B85F-A641E6AB3F27}.Release|x86.ActiveCfg = Release|Any CPU
		{30318FE4-6242-4D2A-85C2-3F217933F111}.Debug|Any CPU.ActiveCfg = Debug|Any CPU
		{30318FE4-6242-4D2A-85C2-3F217933F111}.Debug|x64.ActiveCfg = Debug|Any CPU
		{30318FE4-6242-4D2A-85C2-3F217933F111}.Debug|x86.ActiveCfg = Debug|Any CPU
		{30318FE4-6242-4D2A-85C2-3F217933F111}.Release|Any CPU.ActiveCfg = Release|Any CPU
		{30318FE4-6242-4D2A-85C2-3F217933F111}.Release|x64.ActiveCfg = Release|Any CPU
		{30318FE4-6242-4D2A-85C2-3F217933F111}.Release|x86.ActiveCfg = Release|Any CPU
		{ABB2CEC9-2DAD-41DF-BB0F-3398B4FCD29B}.Debug|Any CPU.ActiveCfg = Debug|Any CPU
		{ABB2CEC9-2DAD-41DF-BB0F-3398B4FCD29B}.Debug|x64.ActiveCfg = Debug|Any CPU
		{ABB2CEC9-2DAD-41DF-BB0F-3398B4FCD29B}.Debug|x86.ActiveCfg = Debug|Any CPU
		{ABB2CEC9-2DAD-41DF-BB0F-3398B4FCD29B}.Release|Any CPU.ActiveCfg = Release|Any CPU
		{ABB2CEC9-2DAD-41DF-BB0F-3398B4FCD29B}.Release|x64.ActiveCfg = Release|Any CPU
		{ABB2CEC9-2DAD-41DF-BB0F-3398B4FCD29B}.Release|x86.ActiveCfg = Release|Any CPU
		{729BC9D5-CD01-4EC0-AAA5-F0B4E2D05C91}.Debug|Any CPU.ActiveCfg = Debug|Any CPU
		{729BC9D5-CD01-4EC0-AAA5-F0B4E2D05C91}.Debug|x64.ActiveCfg = Debug|Any CPU
		{729BC9D5-CD01-4EC0-AAA5-F0B4E2D05C91}.Debug|x86.ActiveCfg = Debug|Any CPU
		{729BC9D5-CD01-4EC0-AAA5-F0B4E2D05C91}.Release|Any CPU.ActiveCfg = Release|Any CPU
		{729BC9D5-CD01-4EC0-AAA5-F0B4E2D05C91}.Release|x64.ActiveCfg = Release|Any CPU
		{729BC9D5-CD01-4EC0-AAA5-F0B4E2D05C91}.Release|x86.ActiveCfg = Release|Any CPU
		{B7B6FBE4-F215-458B-892A-3AA90CEE1E0D}.Debug|Any CPU.ActiveCfg = Debug|Any CPU
		{B7B6FBE4-F215-458B-892A-3AA90CEE1E0D}.Debug|x64.ActiveCfg = Debug|Any CPU
		{B7B6FBE4-F215-458B-892A-3AA90CEE1E0D}.Debug|x86.ActiveCfg = Debug|Any CPU
		{B7B6FBE4-F215-458B-892A-3AA90CEE1E0D}.Release|Any CPU.ActiveCfg = Release|Any CPU
		{B7B6FBE4-F215-458B-892A-3AA90CEE1E0D}.Release|x64.ActiveCfg = Release|Any CPU
		{B7B6FBE4-F215-458B-892A-3AA90CEE1E0D}.Release|x86.ActiveCfg = Release|Any CPU
		{0F9DD3DA-CE87-4C63-A7C4-37386343FDFE}.Debug|Any CPU.ActiveCfg = Debug|Any CPU
		{0F9DD3DA-CE87-4C63-A7C4-37386343FDFE}.Debug|x64.ActiveCfg = Debug|Any CPU
		{0F9DD3DA-CE87-4C63-A7C4-37386343FDFE}.Debug|x86.ActiveCfg = Debug|Any CPU
		{0F9DD3DA-CE87-4C63-A7C4-37386343FDFE}.Release|Any CPU.ActiveCfg = Release|Any CPU
		{0F9DD3DA-CE87-4C63-A7C4-37386343FDFE}.Release|x64.ActiveCfg = Release|Any CPU
		{0F9DD3DA-CE87-4C63-A7C4-37386343FDFE}.Release|x86.ActiveCfg = Release|Any CPU
		{DD37C8AE-4E6E-459C-945A-9A8CF5A94DBC}.Debug|Any CPU.ActiveCfg = Debug|Any CPU
		{DD37C8AE-4E6E-459C-945A-9A8CF5A94DBC}.Debug|x64.ActiveCfg = Debug|Any CPU
		{DD37C8AE-4E6E-459C-945A-9A8CF5A94DBC}.Debug|x86.ActiveCfg = Debug|Any CPU
		{DD37C8AE-4E6E-459C-945A-9A8CF5A94DBC}.Release|Any CPU.ActiveCfg = Release|Any CPU
		{DD37C8AE-4E6E-459C-945A-9A8CF5A94DBC}.Release|x64.ActiveCfg = Release|Any CPU
		{DD37C8AE-4E6E-459C-945A-9A8CF5A94DBC}.Release|x86.ActiveCfg = Release|Any CPU
	EndGlobalSection
	GlobalSection(SolutionProperties) = preSolution
		HideSolutionNode = FALSE
	EndGlobalSection
	GlobalSection(ExtensibilityGlobals) = postSolution
		SolutionGuid = {87720174-353D-4678-90CE-37B8C1576226}
	EndGlobalSection
EndGlobal
